
Microsoft Visual Studio Solution File, Format Version 12.00
# Visual Studio Version 17
VisualStudioVersion = 17.7.34024.191
MinimumVisualStudioVersion = 10.0.40219.1
Project("{9A19103F-16F7-4668-BE54-9A1E7A4F7556}") = "TergeometriaApp", "TergeometriaApp\TergeometriaApp.csproj", "{5F4B1258-2C2C-452E-9F1A-A9E0F79E772F}"
EndProject
Project("{FAE04EC0-301F-11D3-BF4B-00C04F79EFBC}") = "MatekLib", "MatekLib\MatekLib.csproj", "{C4195C6B-C5AF-4327-81C8-CBD1A733B209}"
EndProject
Global
	GlobalSection(SolutionConfigurationPlatforms) = preSolution
		Debug|Any CPU = Debug|Any CPU
		Release|Any CPU = Release|Any CPU
	EndGlobalSection
	GlobalSection(ProjectConfigurationPlatforms) = postSolution
		{5F4B1258-2C2C-452E-9F1A-A9E0F79E772F}.Debug|Any CPU.ActiveCfg = Debug|Any CPU
		{5F4B1258-2C2C-452E-9F1A-A9E0F79E772F}.Debug|Any CPU.Build.0 = Debug|Any CPU
		{5F4B1258-2C2C-452E-9F1A-A9E0F79E772F}.Release|Any CPU.ActiveCfg = Release|Any CPU
		{5F4B1258-2C2C-452E-9F1A-A9E0F79E772F}.Release|Any CPU.Build.0 = Release|Any CPU
		{C4195C6B-C5AF-4327-81C8-CBD1A733B209}.Debug|Any CPU.ActiveCfg = Debug|Any CPU
		{C4195C6B-C5AF-4327-81C8-CBD1A733B209}.Debug|Any CPU.Build.0 = Debug|Any CPU
		{C4195C6B-C5AF-4327-81C8-CBD1A733B209}.Release|Any CPU.ActiveCfg = Release|Any CPU
		{C4195C6B-C5AF-4327-81C8-CBD1A733B209}.Release|Any CPU.Build.0 = Release|Any CPU
	EndGlobalSection
	GlobalSection(SolutionProperties) = preSolution
		HideSolutionNode = FALSE
	EndGlobalSection
	GlobalSection(ExtensibilityGlobals) = postSolution
		SolutionGuid = {B241790A-FBFF-4F19-A881-E85759AEF4DF}
	EndGlobalSection
EndGlobal
